{
  "version": "5",
  "specifiers": {
    "npm:@types/node@*": "24.2.0"
  },
  "npm": {
    "@types/node@24.2.0": {
      "integrity": "sha512-3xyG3pMCq3oYCNg7/ZP+E1ooTaGB4cG8JWRsqqOYQdbWNY4zbaV0Ennrd7stjiJEFZCaybcIgpTjJWHRfBSIDw==",
      "dependencies": [
        "undici-types"
      ]
    },
    "undici-types@7.10.0": {
      "integrity": "sha512-t5Fy/nfn+14LuOc2KNYg75vZqClpAiqscVvMygNnlsHBFpSXdJaYtXMcdNLpl/Qvc3P2cB3s6lOV51nqsFq4ag=="
    }
  },
  "redirects": {
    "https://esm.sh/@octokit/app@^16.1.2?target=denonext": "https://esm.sh/@octokit/app@16.1.2?target=denonext",
    "https://esm.sh/@octokit/auth-app@^8.1.2?target=denonext": "https://esm.sh/@octokit/auth-app@8.1.2?target=denonext",
    "https://esm.sh/@octokit/auth-oauth-app@^9.0.2?target=denonext": "https://esm.sh/@octokit/auth-oauth-app@9.0.3?target=denonext",
    "https://esm.sh/@octokit/auth-oauth-app@^9.0.3?target=denonext": "https://esm.sh/@octokit/auth-oauth-app@9.0.3?target=denonext",
    "https://esm.sh/@octokit/auth-oauth-device@^8.0.3?target=denonext": "https://esm.sh/@octokit/auth-oauth-device@8.0.3?target=denonext",
    "https://esm.sh/@octokit/auth-oauth-user@^6.0.1?target=denonext": "https://esm.sh/@octokit/auth-oauth-user@6.0.2?target=denonext",
    "https://esm.sh/@octokit/auth-oauth-user@^6.0.2?target=denonext": "https://esm.sh/@octokit/auth-oauth-user@6.0.2?target=denonext",
    "https://esm.sh/@octokit/auth-token@^6.0.0?target=denonext": "https://esm.sh/@octokit/auth-token@6.0.0?target=denonext",
    "https://esm.sh/@octokit/auth-unauthenticated@^7.0.2?target=denonext": "https://esm.sh/@octokit/auth-unauthenticated@7.0.3?target=denonext",
    "https://esm.sh/@octokit/auth-unauthenticated@^7.0.3?target=denonext": "https://esm.sh/@octokit/auth-unauthenticated@7.0.3?target=denonext",
    "https://esm.sh/@octokit/core@^7.0.5?target=denonext": "https://esm.sh/@octokit/core@7.0.6?target=denonext",
    "https://esm.sh/@octokit/core@^7.0.6?target=denonext": "https://esm.sh/@octokit/core@7.0.6?target=denonext",
    "https://esm.sh/@octokit/endpoint@^11.0.2?target=denonext": "https://esm.sh/@octokit/endpoint@11.0.2?target=denonext",
    "https://esm.sh/@octokit/graphql@^9.0.3?target=denonext": "https://esm.sh/@octokit/graphql@9.0.3?target=denonext",
    "https://esm.sh/@octokit/oauth-app@^8.0.3?target=denonext": "https://esm.sh/@octokit/oauth-app@8.0.3?target=denonext",
    "https://esm.sh/@octokit/oauth-authorization-url@^8.0.0?target=denonext": "https://esm.sh/@octokit/oauth-authorization-url@8.0.0?target=denonext",
    "https://esm.sh/@octokit/oauth-methods@^6.0.1?target=denonext": "https://esm.sh/@octokit/oauth-methods@6.0.2?target=denonext",
    "https://esm.sh/@octokit/oauth-methods@^6.0.2?target=denonext": "https://esm.sh/@octokit/oauth-methods@6.0.2?target=denonext",
    "https://esm.sh/@octokit/plugin-paginate-graphql@^6.0.0?target=denonext": "https://esm.sh/@octokit/plugin-paginate-graphql@6.0.0?target=denonext",
    "https://esm.sh/@octokit/plugin-paginate-rest@^14.0.0?target=denonext": "https://esm.sh/@octokit/plugin-paginate-rest@14.0.0?target=denonext",
    "https://esm.sh/@octokit/plugin-rest-endpoint-methods@^17.0.0?target=denonext": "https://esm.sh/@octokit/plugin-rest-endpoint-methods@17.0.0?target=denonext",
    "https://esm.sh/@octokit/plugin-retry@^8.0.3?target=denonext": "https://esm.sh/@octokit/plugin-retry@8.0.3?target=denonext",
    "https://esm.sh/@octokit/plugin-throttling@^11.0.3?target=denonext": "https://esm.sh/@octokit/plugin-throttling@11.0.3?target=denonext",
    "https://esm.sh/@octokit/request-error@^7.0.2?target=denonext": "https://esm.sh/@octokit/request-error@7.0.2?target=denonext",
    "https://esm.sh/@octokit/request@^10.0.6?target=denonext": "https://esm.sh/@octokit/request@10.0.6?target=denonext",
    "https://esm.sh/@octokit/webhooks-methods@^6.0.0?target=denonext": "https://esm.sh/@octokit/webhooks-methods@6.0.0?target=denonext",
    "https://esm.sh/@octokit/webhooks@^14.0.0?target=denonext": "https://esm.sh/@octokit/webhooks@14.1.3?target=denonext",
    "https://esm.sh/before-after-hook@^4.0.0?target=denonext": "https://esm.sh/before-after-hook@4.0.0?target=denonext",
    "https://esm.sh/bottleneck@^2.15.3/light?target=denonext": "https://esm.sh/bottleneck@2.19.5/light?target=denonext",
    "https://esm.sh/fast-content-type-parse@^3.0.0?target=denonext": "https://esm.sh/fast-content-type-parse@3.0.0?target=denonext",
    "https://esm.sh/octokit?dts": "https://esm.sh/octokit@5.0.5?dts",
    "https://esm.sh/toad-cache@^3.7.0?target=denonext": "https://esm.sh/toad-cache@3.7.0?target=denonext",
    "https://esm.sh/universal-github-app-jwt@^2.2.0?target=denonext": "https://esm.sh/universal-github-app-jwt@2.2.2?target=denonext",
    "https://esm.sh/universal-user-agent@^7.0.0?target=denonext": "https://esm.sh/universal-user-agent@7.0.3?target=denonext",
    "https://esm.sh/universal-user-agent@^7.0.2?target=denonext": "https://esm.sh/universal-user-agent@7.0.3?target=denonext"
  },
  "remote": {
    "https://esm.sh/@octokit/app@16.1.2/denonext/app.mjs": "ce4d19136a4811339241d99987d36f3537bed5353ecf0f05b86404b5e4c11207",
    "https://esm.sh/@octokit/app@16.1.2?target=denonext": "2307991e68673e170f1524847e873a99873140fed9132c9e1a4211958ff792bc",
    "https://esm.sh/@octokit/auth-app@8.1.2/denonext/auth-app.mjs": "afdde295074d7e564d89ccdb628d91d4f730337b749a7463d343bb02726cbadd",
    "https://esm.sh/@octokit/auth-app@8.1.2?target=denonext": "f8f6cbb6df3aca2f1fbfc23c946848407c21937c3d7ce84ec9ce8f6e6824b15e",
    "https://esm.sh/@octokit/auth-oauth-app@9.0.3/denonext/auth-oauth-app.mjs": "c9d1191e590ced46692bb3589803d081c5bb9a3de7bcdf3032c6e475d5287724",
    "https://esm.sh/@octokit/auth-oauth-app@9.0.3?target=denonext": "d6956e7b9a82c8c4be5e9a86ad105909f7768cb1f429f91db19c3b99b2d96c21",
    "https://esm.sh/@octokit/auth-oauth-device@8.0.3/denonext/auth-oauth-device.mjs": "0c8a6d2070a5e1ca214be1c60bee204efc238a64217b00b9ec487e9619058ed5",
    "https://esm.sh/@octokit/auth-oauth-device@8.0.3?target=denonext": "3a316939fa5900493e5c32a87889892ca29ad9d10a148b8cee946d58f21a7af6",
    "https://esm.sh/@octokit/auth-oauth-user@6.0.2/denonext/auth-oauth-user.mjs": "50072b6d76c2724208ce2cfa49d03af13be172cf5821c86a1f338eaa79c5a59e",
    "https://esm.sh/@octokit/auth-oauth-user@6.0.2?target=denonext": "edb96706e500eb279e16b706b21a26abdd2b86d197f228849b4da17e72d47e77",
    "https://esm.sh/@octokit/auth-token@6.0.0/denonext/auth-token.mjs": "ef9f8c59ca2597cc1f2b04f5640f55fcb5fa48de98e0d0250411d00858abdd2d",
    "https://esm.sh/@octokit/auth-token@6.0.0?target=denonext": "edfa317d09714ee0db614953d74ccf8a0ba5764e13b3df64c93057f427c0824a",
    "https://esm.sh/@octokit/auth-unauthenticated@7.0.3/denonext/auth-unauthenticated.mjs": "343b5e7594ce25717d2c1afc7b34a3ef837e402912a16ca4544d57a230e7da65",
    "https://esm.sh/@octokit/auth-unauthenticated@7.0.3?target=denonext": "bc9b84cdee6b5f026ad6fb3f08dcc839dfc6c10930f682377b8c1fb2ab69d7a9",
    "https://esm.sh/@octokit/core@7.0.6/denonext/core.mjs": "aec0e55f325e16d194f04c30a356be2c3dcd871d620bded1f193f7fe8a6f5b0e",
    "https://esm.sh/@octokit/core@7.0.6?target=denonext": "e85e5c794ae36332dd0c48c51d4986b46f0fb72dcb8d96a789cc70d2ce27fb2e",
    "https://esm.sh/@octokit/endpoint@11.0.2/denonext/endpoint.mjs": "54ed6dcb3467ac1736339aab9f350733e65cd811c0703a475072688cee9148dc",
    "https://esm.sh/@octokit/endpoint@11.0.2?target=denonext": "e50d907fae4e03b01a17b2e62b8f207a41f242438da8c07f39f2083114212684",
    "https://esm.sh/@octokit/graphql@9.0.3/denonext/graphql.mjs": "b949d1b63c119c9b319ff737be058a9508b4f0be43c647118f29f197cb23311a",
    "https://esm.sh/@octokit/graphql@9.0.3?target=denonext": "78dcc6fadf8b81c866d738695874b75cfe891156842369d6b94324393ecaa064",
    "https://esm.sh/@octokit/oauth-app@8.0.3/denonext/oauth-app.mjs": "4206386b5ddb90b00644dc8d6aa01453cdcf6bf272aeff11e3763cfc28a2f5ec",
    "https://esm.sh/@octokit/oauth-app@8.0.3?target=denonext": "4d07df28d8c73aadfbe06b1ee19376e52e47405c19fae5e4973199e9e855f95d",
    "https://esm.sh/@octokit/oauth-authorization-url@8.0.0/denonext/oauth-authorization-url.mjs": "5fb31dffe819f3cf2b56330775e8080d044ea8f0ab410ba713cda2d3456c495e",
    "https://esm.sh/@octokit/oauth-authorization-url@8.0.0?target=denonext": "776b9aec0c52fce04fb478f7f1ea22c8b4db81d05e8dbdc741edfa22952d257a",
    "https://esm.sh/@octokit/oauth-methods@6.0.2/denonext/oauth-methods.mjs": "52de855d6030833fa470bd4d9715629d61f4ad70d8a571e07ee90e53a25e05af",
    "https://esm.sh/@octokit/oauth-methods@6.0.2?target=denonext": "12c121a3c8370fdd24ff0997a565ff78f822bef7f8c13d194ba085aadf075784",
    "https://esm.sh/@octokit/plugin-paginate-graphql@6.0.0/denonext/plugin-paginate-graphql.mjs": "d940e5fc46be315436b20fb04d9ac6ce6f25aad2ae4390bcc7616b1b9653b83f",
    "https://esm.sh/@octokit/plugin-paginate-graphql@6.0.0?target=denonext": "a6526533afe0707275b993dab782d4064f081804b389bdbab4d286149de46b5e",
    "https://esm.sh/@octokit/plugin-paginate-rest@14.0.0/denonext/plugin-paginate-rest.mjs": "19ad4414c4eebcaa2c08a09c05a2882b831e79e830c672fe8ec81928d393ea62",
    "https://esm.sh/@octokit/plugin-paginate-rest@14.0.0?target=denonext": "3089c354c27f175e6dbfcaf5b18ab57774a22997dab26c59c2f42d080c112eb0",
    "https://esm.sh/@octokit/plugin-rest-endpoint-methods@17.0.0/denonext/plugin-rest-endpoint-methods.mjs": "2ac009cb25fdc3389db98f78f19ca6a96207ceb9b7fed277da9f07b73420d109",
    "https://esm.sh/@octokit/plugin-rest-endpoint-methods@17.0.0?target=denonext": "64e312eb758f4769b055d5b729d5d6a3dc5c537988124a649a17a627737ebc5a",
    "https://esm.sh/@octokit/plugin-retry@8.0.3/denonext/plugin-retry.mjs": "72c1e2f5ed7b1409dd03a039b35a5a0999966efd9db6caacdf2d0469ab695489",
    "https://esm.sh/@octokit/plugin-retry@8.0.3?target=denonext": "48d766162b4579d752ae6d02e63658fbbb2fb01c701ba5945050d172cb56967a",
    "https://esm.sh/@octokit/plugin-throttling@11.0.3/denonext/plugin-throttling.mjs": "96b1348101fdc7ede2dc818ec1e567d82dbfc03964725a72f72280312d76eeb3",
    "https://esm.sh/@octokit/plugin-throttling@11.0.3?target=denonext": "47bc991624b3c2f45ad537e2ae52a38cdc2eac2ec350a48cab7f900dc7c54447",
    "https://esm.sh/@octokit/request-error@7.0.2/denonext/request-error.mjs": "d45dbda10e8b7b59f2105965993c7e5a4f20c0dc85b5ebc999bbc76fef0bee7b",
    "https://esm.sh/@octokit/request-error@7.0.2?target=denonext": "0f21cbdc193063841a36f6123214dd96f49a6eb56d63f3d83fd8259a72d108f7",
    "https://esm.sh/@octokit/request@10.0.6/denonext/request.mjs": "9646a909e9be9314847117c5ac361068b449728c7031f92b66b019d5fc4bd88b",
    "https://esm.sh/@octokit/request@10.0.6?target=denonext": "d42dc97de40f93d2bdf01937125440dcc4431f52251d728241e873973dcd3658",
    "https://esm.sh/@octokit/webhooks-methods@6.0.0/denonext/webhooks-methods.mjs": "d16f5ed27faa651d4f688c7cf869ce4ae4b390e9634223f259465652f2ba9dcb",
    "https://esm.sh/@octokit/webhooks-methods@6.0.0?target=denonext": "4cabdc31b52d5428a370f7adcef99395391cc1dc7938cbc6002e0297c1997809",
    "https://esm.sh/@octokit/webhooks@14.1.3/denonext/webhooks.mjs": "9392dc68a6b7c2a6601d27e760347f61e3f2f10c940f6a3af20e8ee84165f0d0",
    "https://esm.sh/@octokit/webhooks@14.1.3?target=denonext": "08100b8be66923d2d51d087116b7a643493934fa8a1aa96dee498f97f6523253",
    "https://esm.sh/before-after-hook@4.0.0/denonext/before-after-hook.mjs": "0b717c21a1377a7424a19d238df2c7c1f3c3756ca192861a084ac8cb6710eada",
    "https://esm.sh/before-after-hook@4.0.0?target=denonext": "a736542fbca8aa4f8eaa30249a6f579758fbda59aef2fbed9f10ac7974982421",
    "https://esm.sh/bottleneck@2.19.5/denonext/light.mjs": "943b72d08b33e678a4f64bf2ce9a0468f9356ee65092af9c893fa25d3be6518b",
    "https://esm.sh/bottleneck@2.19.5/light?target=denonext": "c53ee9007926e5a49e291e0a0f2e1113735d65271a33eb609ac9ad309def4878",
    "https://esm.sh/fast-content-type-parse@3.0.0/denonext/fast-content-type-parse.mjs": "e2988912b33fdaacf282c193bfb39ff0739cdaa3e9dbcf15e9fda4d5221033d0",
    "https://esm.sh/fast-content-type-parse@3.0.0?target=denonext": "d3c0ad21dadee727b7226fbac0685c3b9373705b8f8ac05d1d0f13e07506c8a8",
    "https://esm.sh/octokit@5.0.5/denonext/octokit.mjs": "1107bdb6f6c32996ca8f69273bb5d4e0d3af65ccd0dd7506ffee9704fb2b1157",
    "https://esm.sh/octokit@5.0.5?dts": "5d51346c11931ffbde41ca069b4b81a22ca22da1e1307ddf395097bae691eed8",
    "https://esm.sh/toad-cache@3.7.0/denonext/toad-cache.mjs": "63b78525dcc99d8f736de244e46b306b2b5f6c72db75bf1d230230d46a06ab37",
    "https://esm.sh/toad-cache@3.7.0?target=denonext": "e17c2f2729b3268a6ecb412b975002ebaa66894c2e5e0a657a38d1176a1f02d4",
    "https://esm.sh/universal-github-app-jwt@2.2.2/denonext/universal-github-app-jwt.mjs": "0dc5ffa5cc5ade7551ba091da562b72840d624a78a28af985088f5e994b3c53a",
    "https://esm.sh/universal-github-app-jwt@2.2.2?target=denonext": "30b600b05e1b5a3b5c282d285461807b79950da3812dfe040b46a46ecdd3219b",
    "https://esm.sh/universal-user-agent@7.0.3/denonext/universal-user-agent.mjs": "021090b5f3bb060b1b0364cb79daa2cc3760db58a023cd8892a098e6256a84c4",
    "https://esm.sh/universal-user-agent@7.0.3?target=denonext": "78cc32318bbfe205823697bc1fcec2e9a15a435cca022aaeb93024a61e106224"
  }
}
